
Microsoft Visual Studio Solution File, Format Version 12.00
# Visual Studio 15
Project("{FAE04EC0-301F-11D3-BF4B-00C04F79EFBC}") = "2D_RPG_Game", "Assembly-CSharp.csproj", "{0EF0D2F2-D849-93F8-EBC9-E14978086643}"
EndProject
Global
	GlobalSection(SolutionConfigurationPlatforms) = preSolution
		Debug|Any CPU = Debug|Any CPU
		Release|Any CPU = Release|Any CPU
	EndGlobalSection
	GlobalSection(ProjectConfigurationPlatforms) = postSolution
		{0EF0D2F2-D849-93F8-EBC9-E14978086643}.Debug|Any CPU.ActiveCfg = Debug|Any CPU
		{0EF0D2F2-D849-93F8-EBC9-E14978086643}.Debug|Any CPU.Build.0 = Debug|Any CPU
		{0EF0D2F2-D849-93F8-EBC9-E14978086643}.Release|Any CPU.ActiveCfg = Release|Any CPU
		{0EF0D2F2-D849-93F8-EBC9-E14978086643}.Release|Any CPU.Build.0 = Release|Any CPU
	EndGlobalSection
	GlobalSection(SolutionProperties) = preSolution
		HideSolutionNode = FALSE
	EndGlobalSection
EndGlobal
